{
	"name": "@dollymi/dashboard",
	"version": "0.0.4",
	"lockfileVersion": 1,
	"requires": true,
	"dependencies": {
		"@popperjs/core": {
			"version": "2.9.2",
			"resolved": "https://registry.nlark.com/@popperjs/core/download/@popperjs/core-2.9.2.tgz",
			"integrity": "sha1-rep7aVPLs0ZRdmsFSEaOdDxqI1M="
		},
		"@types/lodash": {
			"version": "4.14.170",
			"resolved": "https://registry.nlark.com/@types/lodash/download/@types/lodash-4.14.170.tgz",
			"integrity": "sha1-DWdxHUv39MpRR+kJG4R0ebh5JdY="
		},
		"async-validator": {
			"version": "3.5.2",
			"resolved": "https://registry.nlark.com/async-validator/download/async-validator-3.5.2.tgz",
			"integrity": "sha1-aOhmqWgk6LJpT/eoMcGiXETV5QA="
		},
		"dayjs": {
			"version": "1.10.5",
			"resolved": "https://registry.nlark.com/dayjs/download/dayjs-1.10.5.tgz?cache=0&sync_timestamp=1622012259636&other_urls=https%3A%2F%2Fregistry.nlark.com%2Fdayjs%2Fdownload%2Fdayjs-1.10.5.tgz",
			"integrity": "sha1-VgDfRUj8JFOz8WPrsqu+llzPuYY="
		},
		"element-plus": {
			"version": "1.0.2-beta.52",
			"resolved": "https://registry.nlark.com/element-plus/download/element-plus-1.0.2-beta.52.tgz",
			"integrity": "sha1-x+2U1JjjkGWEeKokOLw1JHMlstA=",
			"requires": {
				"@popperjs/core": "^2.4.4",
				"@types/lodash": "^4.14.161",
				"async-validator": "^3.4.0",
				"dayjs": "1.x",
				"lodash": "^4.17.20",
				"mitt": "^2.1.0",
				"normalize-wheel": "^1.0.1",
				"resize-observer-polyfill": "^1.5.1"
			}
		},
		"lodash": {
			"version": "4.17.21",
			"resolved": "https://registry.nlark.com/lodash/download/lodash-4.17.21.tgz",
			"integrity": "sha1-Z5WRxWTDv/quhFTPCz3zcMPWkRw="
		},
		"mitt": {
			"version": "2.1.0",
			"resolved": "https://registry.nlark.com/mitt/download/mitt-2.1.0.tgz?cache=0&sync_timestamp=1624483449786&other_urls=https%3A%2F%2Fregistry.nlark.com%2Fmitt%2Fdownload%2Fmitt-2.1.0.tgz",
			"integrity": "sha1-90BXfCMXbGIFsSGylzUU6t4bIjA="
		},
		"normalize-wheel": {
			"version": "1.0.1",
			"resolved": "https://registry.npm.taobao.org/normalize-wheel/download/normalize-wheel-1.0.1.tgz",
			"integrity": "sha1-rsiGr/2wRQcNhWRH32Ls+GFG7EU="
		},
		"resize-observer-polyfill": {
			"version": "1.5.1",
			"resolved": "https://registry.npm.taobao.org/resize-observer-polyfill/download/resize-observer-polyfill-1.5.1.tgz",
			"integrity": "sha1-DpAg3T0hAkRY1OvSfiPkAmmBBGQ="
		}
	}
}
